
Microsoft Visual Studio Solution File, Format Version 12.00
# Visual Studio Version 16
VisualStudioVersion = 16.0.30711.63
MinimumVisualStudioVersion = 10.0.40219.1
Project("{FAE04EC0-301F-11D3-BF4B-00C04F79EFBC}") = "Metodlar", "Metodlar.csproj", "{5EA84F9C-13DB-453A-99DC-CC1D70CA0C6D}"
EndProject
Global
	GlobalSection(SolutionConfigurationPlatforms) = preSolution
		Debug|Any CPU = Debug|Any CPU
		Release|Any CPU = Release|Any CPU
	EndGlobalSection
	GlobalSection(ProjectConfigurationPlatforms) = postSolution
		{5EA84F9C-13DB-453A-99DC-CC1D70CA0C6D}.Debug|Any CPU.ActiveCfg = Debug|Any CPU
		{5EA84F9C-13DB-453A-99DC-CC1D70CA0C6D}.Debug|Any CPU.Build.0 = Debug|Any CPU
		{5EA84F9C-13DB-453A-99DC-CC1D70CA0C6D}.Release|Any CPU.ActiveCfg = Release|Any CPU
		{5EA84F9C-13DB-453A-99DC-CC1D70CA0C6D}.Release|Any CPU.Build.0 = Release|Any CPU
	EndGlobalSection
	GlobalSection(SolutionProperties) = preSolution
		HideSolutionNode = FALSE
	EndGlobalSection
	GlobalSection(ExtensibilityGlobals) = postSolution
		SolutionGuid = {72E97032-1790-4543-935D-84FEA1B9911F}
	EndGlobalSection
EndGlobal
